
Microsoft Visual Studio Solution File, Format Version 12.00
# Visual Studio Version 16
VisualStudioVersion = 16.0.29609.76
MinimumVisualStudioVersion = 10.0.40219.1
Project("{9A19103F-16F7-4668-BE54-9A1E7A4F7556}") = "Skm.Holo", "Skm.Holo\Skm.Holo.csproj", "{279CF958-4E8A-41CF-9D26-B5BCEAF2FB69}"
EndProject
Project("{FAE04EC0-301F-11D3-BF4B-00C04F79EFBC}") = "Skm.Holo_net45", "Skm.Holo\Skm.Holo_net45.csproj", "{F28FA6A0-636F-415B-8787-8FE2E3B6DD08}"
EndProject
Global
	GlobalSection(SolutionConfigurationPlatforms) = preSolution
		Debug_Skm.Unity.Shared|Any CPU = Debug_Skm.Unity.Shared|Any CPU
		Debug_Skm.Unity.Shared|ARM = Debug_Skm.Unity.Shared|ARM
		Debug_Skm.Unity.Shared|ARM64 = Debug_Skm.Unity.Shared|ARM64
		Debug_Skm.Unity.Shared|x64 = Debug_Skm.Unity.Shared|x64
		Debug_Skm.Unity.Shared|x86 = Debug_Skm.Unity.Shared|x86
		Debug|Any CPU = Debug|Any CPU
		Debug|ARM = Debug|ARM
		Debug|ARM64 = Debug|ARM64
		Debug|x64 = Debug|x64
		Debug|x86 = Debug|x86
		Release_Skm.Unity.Shared|Any CPU = Release_Skm.Unity.Shared|Any CPU
		Release_Skm.Unity.Shared|ARM = Release_Skm.Unity.Shared|ARM
		Release_Skm.Unity.Shared|ARM64 = Release_Skm.Unity.Shared|ARM64
		Release_Skm.Unity.Shared|x64 = Release_Skm.Unity.Shared|x64
		Release_Skm.Unity.Shared|x86 = Release_Skm.Unity.Shared|x86
		Release|Any CPU = Release|Any CPU
		Release|ARM = Release|ARM
		Release|ARM64 = Release|ARM64
		Release|x64 = Release|x64
		Release|x86 = Release|x86
	EndGlobalSection
	GlobalSection(ProjectConfigurationPlatforms) = postSolution
		{279CF958-4E8A-41CF-9D26-B5BCEAF2FB69}.Debug_Skm.Unity.Shared|Any CPU.ActiveCfg = Debug|Any CPU
		{279CF958-4E8A-41CF-9D26-B5BCEAF2FB69}.Debug_Skm.Unity.Shared|Any CPU.Build.0 = Debug|Any CPU
		{279CF958-4E8A-41CF-9D26-B5BCEAF2FB69}.Debug_Skm.Unity.Shared|ARM.ActiveCfg = Debug|Any CPU
		{279CF958-4E8A-41CF-9D26-B5BCEAF2FB69}.Debug_Skm.Unity.Shared|ARM.Build.0 = Debug|Any CPU
		{279CF958-4E8A-41CF-9D26-B5BCEAF2FB69}.Debug_Skm.Unity.Shared|ARM64.ActiveCfg = Debug|Any CPU
		{279CF958-4E8A-41CF-9D26-B5BCEAF2FB69}.Debug_Skm.Unity.Shared|ARM64.Build.0 = Debug|Any CPU
		{279CF958-4E8A-41CF-9D26-B5BCEAF2FB69}.Debug_Skm.Unity.Shared|x64.ActiveCfg = Release|x64
		{279CF958-4E8A-41CF-9D26-B5BCEAF2FB69}.Debug_Skm.Unity.Shared|x64.Build.0 = Release|x64
		{279CF958-4E8A-41CF-9D26-B5BCEAF2FB69}.Debug_Skm.Unity.Shared|x86.ActiveCfg = Debug|x86
		{279CF958-4E8A-41CF-9D26-B5BCEAF2FB69}.Debug_Skm.Unity.Shared|x86.Build.0 = Debug|x86
		{279CF958-4E8A-41CF-9D26-B5BCEAF2FB69}.Debug|Any CPU.ActiveCfg = Debug|Any CPU
		{279CF958-4E8A-41CF-9D26-B5BCEAF2FB69}.Debug|Any CPU.Build.0 = Debug|Any CPU
		{279CF958-4E8A-41CF-9D26-B5BCEAF2FB69}.Debug|ARM.ActiveCfg = Debug|Any CPU
		{279CF958-4E8A-41CF-9D26-B5BCEAF2FB69}.Debug|ARM.Build.0 = Debug|Any CPU
		{279CF958-4E8A-41CF-9D26-B5BCEAF2FB69}.Debug|ARM64.ActiveCfg = Debug|Any CPU
		{279CF958-4E8A-41CF-9D26-B5BCEAF2FB69}.Debug|ARM64.Build.0 = Debug|Any CPU
		{279CF958-4E8A-41CF-9D26-B5BCEAF2FB69}.Debug|x64.ActiveCfg = Debug|Any CPU
		{279CF958-4E8A-41CF-9D26-B5BCEAF2FB69}.Debug|x64.Build.0 = Debug|Any CPU
		{279CF958-4E8A-41CF-9D26-B5BCEAF2FB69}.Debug|x86.ActiveCfg = Debug|x86
		{279CF958-4E8A-41CF-9D26-B5BCEAF2FB69}.Release_Skm.Unity.Shared|Any CPU.ActiveCfg = Release|Any CPU
		{279CF958-4E8A-41CF-9D26-B5BCEAF2FB69}.Release_Skm.Unity.Shared|Any CPU.Build.0 = Release|Any CPU
		{279CF958-4E8A-41CF-9D26-B5BCEAF2FB69}.Release_Skm.Unity.Shared|ARM.ActiveCfg = Release|Any CPU
		{279CF958-4E8A-41CF-9D26-B5BCEAF2FB69}.Release_Skm.Unity.Shared|ARM.Build.0 = Release|Any CPU
		{279CF958-4E8A-41CF-9D26-B5BCEAF2FB69}.Release_Skm.Unity.Shared|ARM64.ActiveCfg = Release|Any CPU
		{279CF958-4E8A-41CF-9D26-B5BCEAF2FB69}.Release_Skm.Unity.Shared|ARM64.Build.0 = Release|Any CPU
		{279CF958-4E8A-41CF-9D26-B5BCEAF2FB69}.Release_Skm.Unity.Shared|x64.ActiveCfg = Release|x64
		{279CF958-4E8A-41CF-9D26-B5BCEAF2FB69}.Release_Skm.Unity.Shared|x64.Build.0 = Release|x64
		{279CF958-4E8A-41CF-9D26-B5BCEAF2FB69}.Release_Skm.Unity.Shared|x86.ActiveCfg = Release|x86
		{279CF958-4E8A-41CF-9D26-B5BCEAF2FB69}.Release_Skm.Unity.Shared|x86.Build.0 = Release|x86
		{279CF958-4E8A-41CF-9D26-B5BCEAF2FB69}.Release|Any CPU.ActiveCfg = Release|Any CPU
		{279CF958-4E8A-41CF-9D26-B5BCEAF2FB69}.Release|Any CPU.Build.0 = Release|Any CPU
		{279CF958-4E8A-41CF-9D26-B5BCEAF2FB69}.Release|ARM.ActiveCfg = Release|Any CPU
		{279CF958-4E8A-41CF-9D26-B5BCEAF2FB69}.Release|ARM.Build.0 = Release|Any CPU
		{279CF958-4E8A-41CF-9D26-B5BCEAF2FB69}.Release|ARM64.ActiveCfg = Release|Any CPU
		{279CF958-4E8A-41CF-9D26-B5BCEAF2FB69}.Release|ARM64.Build.0 = Release|Any CPU
		{279CF958-4E8A-41CF-9D26-B5BCEAF2FB69}.Release|x64.ActiveCfg = Release|x64
		{279CF958-4E8A-41CF-9D26-B5BCEAF2FB69}.Release|x64.Build.0 = Release|x64
		{279CF958-4E8A-41CF-9D26-B5BCEAF2FB69}.Release|x86.ActiveCfg = Release|x86
		{F28FA6A0-636F-415B-8787-8FE2E3B6DD08}.Debug_Skm.Unity.Shared|Any CPU.ActiveCfg = Debug|Any CPU
		{F28FA6A0-636F-415B-8787-8FE2E3B6DD08}.Debug_Skm.Unity.Shared|ARM.ActiveCfg = Debug|Any CPU
		{F28FA6A0-636F-415B-8787-8FE2E3B6DD08}.Debug_Skm.Unity.Shared|ARM64.ActiveCfg = Debug|Any CPU
		{F28FA6A0-636F-415B-8787-8FE2E3B6DD08}.Debug_Skm.Unity.Shared|x64.ActiveCfg = Debug|Any CPU
		{F28FA6A0-636F-415B-8787-8FE2E3B6DD08}.Debug_Skm.Unity.Shared|x86.ActiveCfg = Debug|Any CPU
		{F28FA6A0-636F-415B-8787-8FE2E3B6DD08}.Debug|Any CPU.ActiveCfg = Debug|Any CPU
		{F28FA6A0-636F-415B-8787-8FE2E3B6DD08}.Debug|ARM.ActiveCfg = Debug|Any CPU
		{F28FA6A0-636F-415B-8787-8FE2E3B6DD08}.Debug|ARM64.ActiveCfg = Debug|Any CPU
		{F28FA6A0-636F-415B-8787-8FE2E3B6DD08}.Debug|x64.ActiveCfg = Debug|Any CPU
		{F28FA6A0-636F-415B-8787-8FE2E3B6DD08}.Debug|x64.Build.0 = Debug|Any CPU
		{F28FA6A0-636F-415B-8787-8FE2E3B6DD08}.Debug|x86.ActiveCfg = Debug|Any CPU
		{F28FA6A0-636F-415B-8787-8FE2E3B6DD08}.Debug|x86.Build.0 = Debug|Any CPU
		{F28FA6A0-636F-415B-8787-8FE2E3B6DD08}.Release_Skm.Unity.Shared|Any CPU.ActiveCfg = Release|Any CPU
		{F28FA6A0-636F-415B-8787-8FE2E3B6DD08}.Release_Skm.Unity.Shared|ARM.ActiveCfg = Release|Any CPU
		{F28FA6A0-636F-415B-8787-8FE2E3B6DD08}.Release_Skm.Unity.Shared|ARM64.ActiveCfg = Release|Any CPU
		{F28FA6A0-636F-415B-8787-8FE2E3B6DD08}.Release_Skm.Unity.Shared|x64.ActiveCfg = Release|Any CPU
		{F28FA6A0-636F-415B-8787-8FE2E3B6DD08}.Release_Skm.Unity.Shared|x86.ActiveCfg = Release|Any CPU
		{F28FA6A0-636F-415B-8787-8FE2E3B6DD08}.Release|Any CPU.ActiveCfg = Release|Any CPU
		{F28FA6A0-636F-415B-8787-8FE2E3B6DD08}.Release|ARM.ActiveCfg = Release|Any CPU
		{F28FA6A0-636F-415B-8787-8FE2E3B6DD08}.Release|ARM64.ActiveCfg = Release|Any CPU
		{F28FA6A0-636F-415B-8787-8FE2E3B6DD08}.Release|x64.ActiveCfg = Release|Any CPU
		{F28FA6A0-636F-415B-8787-8FE2E3B6DD08}.Release|x64.Build.0 = Release|Any CPU
		{F28FA6A0-636F-415B-8787-8FE2E3B6DD08}.Release|x86.ActiveCfg = Release|Any CPU
		{F28FA6A0-636F-415B-8787-8FE2E3B6DD08}.Release|x86.Build.0 = Release|Any CPU
		{581A9B15-879D-4A07-A7DB-8614E81B49F9}.Debug_Skm.Unity.Shared|Any CPU.ActiveCfg = Debug|Any CPU
		{581A9B15-879D-4A07-A7DB-8614E81B49F9}.Debug_Skm.Unity.Shared|Any CPU.Build.0 = Debug|Any CPU
		{581A9B15-879D-4A07-A7DB-8614E81B49F9}.Debug_Skm.Unity.Shared|ARM.ActiveCfg = Debug|Any CPU
		{581A9B15-879D-4A07-A7DB-8614E81B49F9}.Debug_Skm.Unity.Shared|ARM.Build.0 = Debug|Any CPU
		{581A9B15-879D-4A07-A7DB-8614E81B49F9}.Debug_Skm.Unity.Shared|ARM64.ActiveCfg = Debug|Any CPU
		{581A9B15-879D-4A07-A7DB-8614E81B49F9}.Debug_Skm.Unity.Shared|ARM64.Build.0 = Debug|Any CPU
		{581A9B15-879D-4A07-A7DB-8614E81B49F9}.Debug_Skm.Unity.Shared|x64.ActiveCfg = Debug|Any CPU
		{581A9B15-879D-4A07-A7DB-8614E81B49F9}.Debug_Skm.Unity.Shared|x64.Build.0 = Debug|Any CPU
		{581A9B15-879D-4A07-A7DB-8614E81B49F9}.Debug_Skm.Unity.Shared|x86.ActiveCfg = Debug|Any CPU
		{581A9B15-879D-4A07-A7DB-8614E81B49F9}.Debug_Skm.Unity.Shared|x86.Build.0 = Debug|Any CPU
		{581A9B15-879D-4A07-A7DB-8614E81B49F9}.Debug|Any CPU.ActiveCfg = Debug|Any CPU
		{581A9B15-879D-4A07-A7DB-8614E81B49F9}.Debug|Any CPU.Build.0 = Debug|Any CPU
		{581A9B15-879D-4A07-A7DB-8614E81B49F9}.Debug|ARM.ActiveCfg = Debug|Any CPU
		{581A9B15-879D-4A07-A7DB-8614E81B49F9}.Debug|ARM.Build.0 = Debug|Any CPU
		{581A9B15-879D-4A07-A7DB-8614E81B49F9}.Debug|ARM64.ActiveCfg = Debug|Any CPU
		{581A9B15-879D-4A07-A7DB-8614E81B49F9}.Debug|ARM64.Build.0 = Debug|Any CPU
		{581A9B15-879D-4A07-A7DB-8614E81B49F9}.Debug|x64.ActiveCfg = Debug|Any CPU
		{581A9B15-879D-4A07-A7DB-8614E81B49F9}.Debug|x64.Build.0 = Debug|Any CPU
		{581A9B15-879D-4A07-A7DB-8614E81B49F9}.Debug|x86.ActiveCfg = Debug|Any CPU
		{581A9B15-879D-4A07-A7DB-8614E81B49F9}.Debug|x86.Build.0 = Debug|Any CPU
		{581A9B15-879D-4A07-A7DB-8614E81B49F9}.Release_Skm.Unity.Shared|Any CPU.ActiveCfg = Release|Any CPU
		{581A9B15-879D-4A07-A7DB-8614E81B49F9}.Release_Skm.Unity.Shared|Any CPU.Build.0 = Release|Any CPU
		{581A9B15-879D-4A07-A7DB-8614E81B49F9}.Release_Skm.Unity.Shared|ARM.ActiveCfg = Release|Any CPU
		{581A9B15-879D-4A07-A7DB-8614E81B49F9}.Release_Skm.Unity.Shared|ARM.Build.0 = Release|Any CPU
		{581A9B15-879D-4A07-A7DB-8614E81B49F9}.Release_Skm.Unity.Shared|ARM64.ActiveCfg = Release|Any CPU
		{581A9B15-879D-4A07-A7DB-8614E81B49F9}.Release_Skm.Unity.Shared|ARM64.Build.0 = Release|Any CPU
		{581A9B15-879D-4A07-A7DB-8614E81B49F9}.Release_Skm.Unity.Shared|x64.ActiveCfg = Release|Any CPU
		{581A9B15-879D-4A07-A7DB-8614E81B49F9}.Release_Skm.Unity.Shared|x64.Build.0 = Release|Any CPU
		{581A9B15-879D-4A07-A7DB-8614E81B49F9}.Release_Skm.Unity.Shared|x86.ActiveCfg = Release|Any CPU
		{581A9B15-879D-4A07-A7DB-8614E81B49F9}.Release_Skm.Unity.Shared|x86.Build.0 = Release|Any CPU
		{581A9B15-879D-4A07-A7DB-8614E81B49F9}.Release|Any CPU.ActiveCfg = Release|Any CPU
		{581A9B15-879D-4A07-A7DB-8614E81B49F9}.Release|Any CPU.Build.0 = Release|Any CPU
		{581A9B15-879D-4A07-A7DB-8614E81B49F9}.Release|ARM.ActiveCfg = Release|Any CPU
		{581A9B15-879D-4A07-A7DB-8614E81B49F9}.Release|ARM.Build.0 = Release|Any CPU
		{581A9B15-879D-4A07-A7DB-8614E81B49F9}.Release|ARM64.ActiveCfg = Release|Any CPU
		{581A9B15-879D-4A07-A7DB-8614E81B49F9}.Release|ARM64.Build.0 = Release|Any CPU
		{581A9B15-879D-4A07-A7DB-8614E81B49F9}.Release|x64.ActiveCfg = Release|Any CPU
		{581A9B15-879D-4A07-A7DB-8614E81B49F9}.Release|x64.Build.0 = Release|Any CPU
		{581A9B15-879D-4A07-A7DB-8614E81B49F9}.Release|x86.ActiveCfg = Release|Any CPU
		{581A9B15-879D-4A07-A7DB-8614E81B49F9}.Release|x86.Build.0 = Release|Any CPU
		{B5394020-9848-4C2E-8060-E72A45203B1B}.Debug_Skm.Unity.Shared|Any CPU.ActiveCfg = Debug_Skm.Unity.Shared|Any CPU
		{B5394020-9848-4C2E-8060-E72A45203B1B}.Debug_Skm.Unity.Shared|Any CPU.Build.0 = Debug_Skm.Unity.Shared|Any CPU
		{B5394020-9848-4C2E-8060-E72A45203B1B}.Debug_Skm.Unity.Shared|ARM.ActiveCfg = Debug_Skm.Unity.Shared|Any CPU
		{B5394020-9848-4C2E-8060-E72A45203B1B}.Debug_Skm.Unity.Shared|ARM.Build.0 = Debug_Skm.Unity.Shared|Any CPU
		{B5394020-9848-4C2E-8060-E72A45203B1B}.Debug_Skm.Unity.Shared|ARM64.ActiveCfg = Debug_Skm.Unity.Shared|Any CPU
		{B5394020-9848-4C2E-8060-E72A45203B1B}.Debug_Skm.Unity.Shared|ARM64.Build.0 = Debug_Skm.Unity.Shared|Any CPU
		{B5394020-9848-4C2E-8060-E72A45203B1B}.Debug_Skm.Unity.Shared|x64.ActiveCfg = Debug_Skm.Unity.Shared|Any CPU
		{B5394020-9848-4C2E-8060-E72A45203B1B}.Debug_Skm.Unity.Shared|x64.Build.0 = Debug_Skm.Unity.Shared|Any CPU
		{B5394020-9848-4C2E-8060-E72A45203B1B}.Debug_Skm.Unity.Shared|x86.ActiveCfg = Debug_Skm.Unity.Shared|Any CPU
		{B5394020-9848-4C2E-8060-E72A45203B1B}.Debug_Skm.Unity.Shared|x86.Build.0 = Debug_Skm.Unity.Shared|Any CPU
		{B5394020-9848-4C2E-8060-E72A45203B1B}.Debug|Any CPU.ActiveCfg = Debug|Any CPU
		{B5394020-9848-4C2E-8060-E72A45203B1B}.Debug|Any CPU.Build.0 = Debug|Any CPU
		{B5394020-9848-4C2E-8060-E72A45203B1B}.Debug|ARM.ActiveCfg = Debug|Any CPU
		{B5394020-9848-4C2E-8060-E72A45203B1B}.Debug|ARM.Build.0 = Debug|Any CPU
		{B5394020-9848-4C2E-8060-E72A45203B1B}.Debug|ARM64.ActiveCfg = Debug|Any CPU
		{B5394020-9848-4C2E-8060-E72A45203B1B}.Debug|ARM64.Build.0 = Debug|Any CPU
		{B5394020-9848-4C2E-8060-E72A45203B1B}.Debug|x64.ActiveCfg = Debug|Any CPU
		{B5394020-9848-4C2E-8060-E72A45203B1B}.Debug|x64.Build.0 = Debug|Any CPU
		{B5394020-9848-4C2E-8060-E72A45203B1B}.Debug|x86.ActiveCfg = Debug|Any CPU
		{B5394020-9848-4C2E-8060-E72A45203B1B}.Debug|x86.Build.0 = Debug|Any CPU
		{B5394020-9848-4C2E-8060-E72A45203B1B}.Release_Skm.Unity.Shared|Any CPU.ActiveCfg = Release_Skm.Unity.Shared|Any CPU
		{B5394020-9848-4C2E-8060-E72A45203B1B}.Release_Skm.Unity.Shared|Any CPU.Build.0 = Release_Skm.Unity.Shared|Any CPU
		{B5394020-9848-4C2E-8060-E72A45203B1B}.Release_Skm.Unity.Shared|ARM.ActiveCfg = Release_Skm.Unity.Shared|Any CPU
		{B5394020-9848-4C2E-8060-E72A45203B1B}.Release_Skm.Unity.Shared|ARM.Build.0 = Release_Skm.Unity.Shared|Any CPU
		{B5394020-9848-4C2E-8060-E72A45203B1B}.Release_Skm.Unity.Shared|ARM64.ActiveCfg = Release_Skm.Unity.Shared|Any CPU
		{B5394020-9848-4C2E-8060-E72A45203B1B}.Release_Skm.Unity.Shared|ARM64.Build.0 = Release_Skm.Unity.Shared|Any CPU
		{B5394020-9848-4C2E-8060-E72A45203B1B}.Release_Skm.Unity.Shared|x64.ActiveCfg = Release_Skm.Unity.Shared|Any CPU
		{B5394020-9848-4C2E-8060-E72A45203B1B}.Release_Skm.Unity.Shared|x64.Build.0 = Release_Skm.Unity.Shared|Any CPU
		{B5394020-9848-4C2E-8060-E72A45203B1B}.Release_Skm.Unity.Shared|x86.ActiveCfg = Release_Skm.Unity.Shared|Any CPU
		{B5394020-9848-4C2E-8060-E72A45203B1B}.Release_Skm.Unity.Shared|x86.Build.0 = Release_Skm.Unity.Shared|Any CPU
		{B5394020-9848-4C2E-8060-E72A45203B1B}.Release|Any CPU.ActiveCfg = Release|Any CPU
		{B5394020-9848-4C2E-8060-E72A45203B1B}.Release|Any CPU.Build.0 = Release|Any CPU
		{B5394020-9848-4C2E-8060-E72A45203B1B}.Release|ARM.ActiveCfg = Release|Any CPU
		{B5394020-9848-4C2E-8060-E72A45203B1B}.Release|ARM.Build.0 = Release|Any CPU
		{B5394020-9848-4C2E-8060-E72A45203B1B}.Release|ARM64.ActiveCfg = Release|Any CPU
		{B5394020-9848-4C2E-8060-E72A45203B1B}.Release|ARM64.Build.0 = Release|Any CPU
		{B5394020-9848-4C2E-8060-E72A45203B1B}.Release|x64.ActiveCfg = Release|Any CPU
		{B5394020-9848-4C2E-8060-E72A45203B1B}.Release|x64.Build.0 = Release|Any CPU
		{B5394020-9848-4C2E-8060-E72A45203B1B}.Release|x86.ActiveCfg = Release|Any CPU
		{B5394020-9848-4C2E-8060-E72A45203B1B}.Release|x86.Build.0 = Release|Any CPU
		{A5F39DCD-F2C0-45DC-A52A-2D3ED5837573}.Debug_Skm.Unity.Shared|Any CPU.ActiveCfg = Debug|Any CPU
		{A5F39DCD-F2C0-45DC-A52A-2D3ED5837573}.Debug_Skm.Unity.Shared|Any CPU.Build.0 = Debug|Any CPU
		{A5F39DCD-F2C0-45DC-A52A-2D3ED5837573}.Debug_Skm.Unity.Shared|ARM.ActiveCfg = Debug|Any CPU
		{A5F39DCD-F2C0-45DC-A52A-2D3ED5837573}.Debug_Skm.Unity.Shared|ARM.Build.0 = Debug|Any CPU
		{A5F39DCD-F2C0-45DC-A52A-2D3ED5837573}.Debug_Skm.Unity.Shared|ARM64.ActiveCfg = Debug|Any CPU
		{A5F39DCD-F2C0-45DC-A52A-2D3ED5837573}.Debug_Skm.Unity.Shared|ARM64.Build.0 = Debug|Any CPU
		{A5F39DCD-F2C0-45DC-A52A-2D3ED5837573}.Debug_Skm.Unity.Shared|x64.ActiveCfg = Debug|Any CPU
		{A5F39DCD-F2C0-45DC-A52A-2D3ED5837573}.Debug_Skm.Unity.Shared|x64.Build.0 = Debug|Any CPU
		{A5F39DCD-F2C0-45DC-A52A-2D3ED5837573}.Debug_Skm.Unity.Shared|x86.ActiveCfg = Debug|Any CPU
		{A5F39DCD-F2C0-45DC-A52A-2D3ED5837573}.Debug_Skm.Unity.Shared|x86.Build.0 = Debug|Any CPU
		{A5F39DCD-F2C0-45DC-A52A-2D3ED5837573}.Debug|Any CPU.ActiveCfg = Debug|Any CPU
		{A5F39DCD-F2C0-45DC-A52A-2D3ED5837573}.Debug|Any CPU.Build.0 = Debug|Any CPU
		{A5F39DCD-F2C0-45DC-A52A-2D3ED5837573}.Debug|ARM.ActiveCfg = Debug|Any CPU
		{A5F39DCD-F2C0-45DC-A52A-2D3ED5837573}.Debug|ARM.Build.0 = Debug|Any CPU
		{A5F39DCD-F2C0-45DC-A52A-2D3ED5837573}.Debug|ARM64.ActiveCfg = Debug|Any CPU
		{A5F39DCD-F2C0-45DC-A52A-2D3ED5837573}.Debug|ARM64.Build.0 = Debug|Any CPU
		{A5F39DCD-F2C0-45DC-A52A-2D3ED5837573}.Debug|x64.ActiveCfg = Debug|Any CPU
		{A5F39DCD-F2C0-45DC-A52A-2D3ED5837573}.Debug|x64.Build.0 = Debug|Any CPU
		{A5F39DCD-F2C0-45DC-A52A-2D3ED5837573}.Debug|x86.ActiveCfg = Debug|Any CPU
		{A5F39DCD-F2C0-45DC-A52A-2D3ED5837573}.Debug|x86.Build.0 = Debug|Any CPU
		{A5F39DCD-F2C0-45DC-A52A-2D3ED5837573}.Release_Skm.Unity.Shared|Any CPU.ActiveCfg = Release|Any CPU
		{A5F39DCD-F2C0-45DC-A52A-2D3ED5837573}.Release_Skm.Unity.Shared|Any CPU.Build.0 = Release|Any CPU
		{A5F39DCD-F2C0-45DC-A52A-2D3ED5837573}.Release_Skm.Unity.Shared|ARM.ActiveCfg = Release|Any CPU
		{A5F39DCD-F2C0-45DC-A52A-2D3ED5837573}.Release_Skm.Unity.Shared|ARM.Build.0 = Release|Any CPU
		{A5F39DCD-F2C0-45DC-A52A-2D3ED5837573}.Release_Skm.Unity.Shared|ARM64.ActiveCfg = Release|Any CPU
		{A5F39DCD-F2C0-45DC-A52A-2D3ED5837573}.Release_Skm.Unity.Shared|ARM64.Build.0 = Release|Any CPU
		{A5F39DCD-F2C0-45DC-A52A-2D3ED5837573}.Release_Skm.Unity.Shared|x64.ActiveCfg = Release|Any CPU
		{A5F39DCD-F2C0-45DC-A52A-2D3ED5837573}.Release_Skm.Unity.Shared|x64.Build.0 = Release|Any CPU
		{A5F39DCD-F2C0-45DC-A52A-2D3ED5837573}.Release_Skm.Unity.Shared|x86.ActiveCfg = Release|Any CPU
		{A5F39DCD-F2C0-45DC-A52A-2D3ED5837573}.Release_Skm.Unity.Shared|x86.Build.0 = Release|Any CPU
		{A5F39DCD-F2C0-45DC-A52A-2D3ED5837573}.Release|Any CPU.ActiveCfg = Release|Any CPU
		{A5F39DCD-F2C0-45DC-A52A-2D3ED5837573}.Release|Any CPU.Build.0 = Release|Any CPU
		{A5F39DCD-F2C0-45DC-A52A-2D3ED5837573}.Release|ARM.ActiveCfg = Release|Any CPU
		{A5F39DCD-F2C0-45DC-A52A-2D3ED5837573}.Release|ARM.Build.0 = Release|Any CPU
		{A5F39DCD-F2C0-45DC-A52A-2D3ED5837573}.Release|ARM64.ActiveCfg = Release|Any CPU
		{A5F39DCD-F2C0-45DC-A52A-2D3ED5837573}.Release|ARM64.Build.0 = Release|Any CPU
		{A5F39DCD-F2C0-45DC-A52A-2D3ED5837573}.Release|x64.ActiveCfg = Release|Any CPU
		{A5F39DCD-F2C0-45DC-A52A-2D3ED5837573}.Release|x64.Build.0 = Release|Any CPU
		{A5F39DCD-F2C0-45DC-A52A-2D3ED5837573}.Release|x86.ActiveCfg = Release|Any CPU
		{A5F39DCD-F2C0-45DC-A52A-2D3ED5837573}.Release|x86.Build.0 = Release|Any CPU
	EndGlobalSection
	GlobalSection(SolutionProperties) = preSolution
		HideSolutionNode = FALSE
	EndGlobalSection
	GlobalSection(ExtensibilityGlobals) = postSolution
		SolutionGuid = {6F608FF1-90E0-4F3D-8460-9A4BE3C98BAD}
	EndGlobalSection
EndGlobal
